
Microsoft Visual Studio Solution File, Format Version 12.00
# Visual Studio Version 17
VisualStudioVersion = 17.8.34316.72
MinimumVisualStudioVersion = 10.0.40219.1
Project("{9A19103F-16F7-4668-BE54-9A1E7A4F7556}") = "SussyBank", "OOP-Bank\SussyBank.csproj", "{B8707E61-3A7C-43F5-B5C0-954EC04B25A9}"
EndProject
Global
	GlobalSection(SolutionConfigurationPlatforms) = preSolution
		Debug|Any CPU = Debug|Any CPU
		Release|Any CPU = Release|Any CPU
	EndGlobalSection
	GlobalSection(ProjectConfigurationPlatforms) = postSolution
		{B8707E61-3A7C-43F5-B5C0-954EC04B25A9}.Debug|Any CPU.ActiveCfg = Debug|Any CPU
		{B8707E61-3A7C-43F5-B5C0-954EC04B25A9}.Debug|Any CPU.Build.0 = Debug|Any CPU
		{B8707E61-3A7C-43F5-B5C0-954EC04B25A9}.Release|Any CPU.ActiveCfg = Release|Any CPU
		{B8707E61-3A7C-43F5-B5C0-954EC04B25A9}.Release|Any CPU.Build.0 = Release|Any CPU
	EndGlobalSection
	GlobalSection(SolutionProperties) = preSolution
		HideSolutionNode = FALSE
	EndGlobalSection
	GlobalSection(ExtensibilityGlobals) = postSolution
		SolutionGuid = {711675D9-D437-40BB-8DC3-297E7A42BC34}
	EndGlobalSection
EndGlobal
